
Microsoft Visual Studio Solution File, Format Version 12.00
# Visual Studio Version 16
VisualStudioVersion = 16.0.29613.14
MinimumVisualStudioVersion = 10.0.40219.1
Project("{9A19103F-16F7-4668-BE54-9A1E7A4F7556}") = "BlazorMovies.Server", "BlazorMovies\Server\BlazorMovies.Server.csproj", "{A655440D-BB82-40D4-B759-55D5B8916B05}"
EndProject
Project("{9A19103F-16F7-4668-BE54-9A1E7A4F7556}") = "BlazorMovies.Client", "BlazorMovies\Client\BlazorMovies.Client.csproj", "{D89B62B3-742F-4923-854E-7B93F3A41EF3}"
EndProject
Project("{9A19103F-16F7-4668-BE54-9A1E7A4F7556}") = "BlazorMovies.Shared", "BlazorMovies\Shared\BlazorMovies.Shared.csproj", "{A7C7DE8F-17EE-48D2-B478-5814E1F52D33}"
EndProject
Global
	GlobalSection(SolutionConfigurationPlatforms) = preSolution
		Debug|Any CPU = Debug|Any CPU
		Release|Any CPU = Release|Any CPU
	EndGlobalSection
	GlobalSection(ProjectConfigurationPlatforms) = postSolution
		{A655440D-BB82-40D4-B759-55D5B8916B05}.Debug|Any CPU.ActiveCfg = Debug|Any CPU
		{A655440D-BB82-40D4-B759-55D5B8916B05}.Debug|Any CPU.Build.0 = Debug|Any CPU
		{A655440D-BB82-40D4-B759-55D5B8916B05}.Release|Any CPU.ActiveCfg = Release|Any CPU
		{A655440D-BB82-40D4-B759-55D5B8916B05}.Release|Any CPU.Build.0 = Release|Any CPU
		{D89B62B3-742F-4923-854E-7B93F3A41EF3}.Debug|Any CPU.ActiveCfg = Debug|Any CPU
		{D89B62B3-742F-4923-854E-7B93F3A41EF3}.Debug|Any CPU.Build.0 = Debug|Any CPU
		{D89B62B3-742F-4923-854E-7B93F3A41EF3}.Release|Any CPU.ActiveCfg = Release|Any CPU
		{D89B62B3-742F-4923-854E-7B93F3A41EF3}.Release|Any CPU.Build.0 = Release|Any CPU
		{A7C7DE8F-17EE-48D2-B478-5814E1F52D33}.Debug|Any CPU.ActiveCfg = Debug|Any CPU
		{A7C7DE8F-17EE-48D2-B478-5814E1F52D33}.Debug|Any CPU.Build.0 = Debug|Any CPU
		{A7C7DE8F-17EE-48D2-B478-5814E1F52D33}.Release|Any CPU.ActiveCfg = Release|Any CPU
		{A7C7DE8F-17EE-48D2-B478-5814E1F52D33}.Release|Any CPU.Build.0 = Release|Any CPU
	EndGlobalSection
	GlobalSection(SolutionProperties) = preSolution
		HideSolutionNode = FALSE
	EndGlobalSection
	GlobalSection(ExtensibilityGlobals) = postSolution
		SolutionGuid = {94C9F3C1-2626-45F3-8B7C-1AD299297C73}
	EndGlobalSection
EndGlobal
